
Microsoft Visual Studio Solution File, Format Version 12.00
# Visual Studio Version 17
VisualStudioVersion = 17.9.34622.214
MinimumVisualStudioVersion = 10.0.40219.1
Project("{9A19103F-16F7-4668-BE54-9A1E7A4F7556}") = "GerenciadorTurmas.Api", "GerenciadorTurmas.Api\GerenciadorTurmas.Api.csproj", "{C730694C-401E-4D3B-935A-6587F6C483DD}"
EndProject
Project("{9A19103F-16F7-4668-BE54-9A1E7A4F7556}") = "GerenciadorTurmas.Application", "GerenciadorTurmas.Application\GerenciadorTurmas.Application.csproj", "{7B521B0F-F537-4679-A64D-9A2617BC55E3}"
EndProject
Project("{9A19103F-16F7-4668-BE54-9A1E7A4F7556}") = "GerenciadorTurmas.Domain", "GerenciadorTurmas.Domain\GerenciadorTurmas.Domain.csproj", "{8C58CF9B-CA9E-4B07-BD94-3D44C58BC94D}"
EndProject
Project("{9A19103F-16F7-4668-BE54-9A1E7A4F7556}") = "GerenciadorTurmas.Infrastructure", "GerenciadorTurmas.Infrastructure\GerenciadorTurmas.Infrastructure.csproj", "{035B95E5-ACA3-482A-B6B7-19F57EF9C431}"
EndProject
Project("{2150E333-8FDC-42A3-9474-1A3956D46DE8}") = "Itens de Solução", "Itens de Solução", "{469D5BA1-3F07-46DC-8779-DD592CC4FB93}"
	ProjectSection(SolutionItems) = preProject
		docker-compose.yml = docker-compose.yml
	EndProjectSection
EndProject
Project("{2150E333-8FDC-42A3-9474-1A3956D46DE8}") = "Scripts SQL", "Scripts SQL", "{80C341EE-802F-4284-8583-5FFBF14B8BCD}"
EndProject
Project("{2150E333-8FDC-42A3-9474-1A3956D46DE8}") = "Create", "Create", "{85CBA085-0E20-439D-87AF-BDAAE630EFAE}"
	ProjectSection(SolutionItems) = preProject
		Scripts SQL\Create\01_Create_Database.sql = Scripts SQL\Create\01_Create_Database.sql
		Scripts SQL\Create\02_Create_Table_Aluno.sql = Scripts SQL\Create\02_Create_Table_Aluno.sql
		Scripts SQL\Create\03_Create_Table_Curso.sql = Scripts SQL\Create\03_Create_Table_Curso.sql
		Scripts SQL\Create\04_Create_Table_Turma.sql = Scripts SQL\Create\04_Create_Table_Turma.sql
		Scripts SQL\Create\05_Create_Table_Aluno_Turma.sql = Scripts SQL\Create\05_Create_Table_Aluno_Turma.sql
	EndProjectSection
EndProject
Project("{2150E333-8FDC-42A3-9474-1A3956D46DE8}") = "Drop", "Drop", "{D298B44A-133A-468A-9C36-4D115B8CE085}"
	ProjectSection(SolutionItems) = preProject
		Scripts SQL\Drop\01_Drop_Table_Aluno_Turma.sql = Scripts SQL\Drop\01_Drop_Table_Aluno_Turma.sql
		Scripts SQL\Drop\02_Drop_Table_Turma.sql = Scripts SQL\Drop\02_Drop_Table_Turma.sql
		Scripts SQL\Drop\03_Drop_Table_Curso.sql = Scripts SQL\Drop\03_Drop_Table_Curso.sql
		Scripts SQL\Drop\04_Drop_Table_Aluno.sql = Scripts SQL\Drop\04_Drop_Table_Aluno.sql
		Scripts SQL\Drop\Drop_Database.sql = Scripts SQL\Drop\Drop_Database.sql
	EndProjectSection
EndProject
Project("{2150E333-8FDC-42A3-9474-1A3956D46DE8}") = "Testes", "Testes", "{3FE265BB-6ABD-4EC6-87FA-4A34AC0DD74B}"
EndProject
Project("{FAE04EC0-301F-11D3-BF4B-00C04F79EFBC}") = "GerenciadorTurmas.IntegrationTest", "Testes\GerenciadorTurmas.IntegrationTest\GerenciadorTurmas.IntegrationTest.csproj", "{4B618DAA-73D4-4B78-A093-99DF6E21AE9C}"
EndProject
Project("{FAE04EC0-301F-11D3-BF4B-00C04F79EFBC}") = "GerenciadorTurmas.UnitTest", "Testes\GerenciadorTurmas.UnitTest\GerenciadorTurmas.UnitTest.csproj", "{DCC4CDCF-67FE-44ED-8B14-3A8675E65ED6}"
EndProject
Project("{2150E333-8FDC-42A3-9474-1A3956D46DE8}") = "IntegrationTest", "IntegrationTest", "{A450C9AB-C96F-472D-BF90-7270EDA3BCDB}"
	ProjectSection(SolutionItems) = preProject
		Scripts SQL\ValuesIntegrationTest\Preparar_DB_Integration_Test.sql = Scripts SQL\ValuesIntegrationTest\Preparar_DB_Integration_Test.sql
	EndProjectSection
EndProject
Global
	GlobalSection(SolutionConfigurationPlatforms) = preSolution
		Debug|Any CPU = Debug|Any CPU
		Release|Any CPU = Release|Any CPU
	EndGlobalSection
	GlobalSection(ProjectConfigurationPlatforms) = postSolution
		{C730694C-401E-4D3B-935A-6587F6C483DD}.Debug|Any CPU.ActiveCfg = Debug|Any CPU
		{C730694C-401E-4D3B-935A-6587F6C483DD}.Debug|Any CPU.Build.0 = Debug|Any CPU
		{C730694C-401E-4D3B-935A-6587F6C483DD}.Release|Any CPU.ActiveCfg = Release|Any CPU
		{C730694C-401E-4D3B-935A-6587F6C483DD}.Release|Any CPU.Build.0 = Release|Any CPU
		{7B521B0F-F537-4679-A64D-9A2617BC55E3}.Debug|Any CPU.ActiveCfg = Debug|Any CPU
		{7B521B0F-F537-4679-A64D-9A2617BC55E3}.Debug|Any CPU.Build.0 = Debug|Any CPU
		{7B521B0F-F537-4679-A64D-9A2617BC55E3}.Release|Any CPU.ActiveCfg = Release|Any CPU
		{7B521B0F-F537-4679-A64D-9A2617BC55E3}.Release|Any CPU.Build.0 = Release|Any CPU
		{8C58CF9B-CA9E-4B07-BD94-3D44C58BC94D}.Debug|Any CPU.ActiveCfg = Debug|Any CPU
		{8C58CF9B-CA9E-4B07-BD94-3D44C58BC94D}.Debug|Any CPU.Build.0 = Debug|Any CPU
		{8C58CF9B-CA9E-4B07-BD94-3D44C58BC94D}.Release|Any CPU.ActiveCfg = Release|Any CPU
		{8C58CF9B-CA9E-4B07-BD94-3D44C58BC94D}.Release|Any CPU.Build.0 = Release|Any CPU
		{035B95E5-ACA3-482A-B6B7-19F57EF9C431}.Debug|Any CPU.ActiveCfg = Debug|Any CPU
		{035B95E5-ACA3-482A-B6B7-19F57EF9C431}.Debug|Any CPU.Build.0 = Debug|Any CPU
		{035B95E5-ACA3-482A-B6B7-19F57EF9C431}.Release|Any CPU.ActiveCfg = Release|Any CPU
		{035B95E5-ACA3-482A-B6B7-19F57EF9C431}.Release|Any CPU.Build.0 = Release|Any CPU
		{4B618DAA-73D4-4B78-A093-99DF6E21AE9C}.Debug|Any CPU.ActiveCfg = Debug|Any CPU
		{4B618DAA-73D4-4B78-A093-99DF6E21AE9C}.Debug|Any CPU.Build.0 = Debug|Any CPU
		{4B618DAA-73D4-4B78-A093-99DF6E21AE9C}.Release|Any CPU.ActiveCfg = Release|Any CPU
		{4B618DAA-73D4-4B78-A093-99DF6E21AE9C}.Release|Any CPU.Build.0 = Release|Any CPU
		{DCC4CDCF-67FE-44ED-8B14-3A8675E65ED6}.Debug|Any CPU.ActiveCfg = Debug|Any CPU
		{DCC4CDCF-67FE-44ED-8B14-3A8675E65ED6}.Debug|Any CPU.Build.0 = Debug|Any CPU
		{DCC4CDCF-67FE-44ED-8B14-3A8675E65ED6}.Release|Any CPU.ActiveCfg = Release|Any CPU
		{DCC4CDCF-67FE-44ED-8B14-3A8675E65ED6}.Release|Any CPU.Build.0 = Release|Any CPU
	EndGlobalSection
	GlobalSection(SolutionProperties) = preSolution
		HideSolutionNode = FALSE
	EndGlobalSection
	GlobalSection(NestedProjects) = preSolution
		{85CBA085-0E20-439D-87AF-BDAAE630EFAE} = {80C341EE-802F-4284-8583-5FFBF14B8BCD}
		{D298B44A-133A-468A-9C36-4D115B8CE085} = {80C341EE-802F-4284-8583-5FFBF14B8BCD}
		{4B618DAA-73D4-4B78-A093-99DF6E21AE9C} = {3FE265BB-6ABD-4EC6-87FA-4A34AC0DD74B}
		{DCC4CDCF-67FE-44ED-8B14-3A8675E65ED6} = {3FE265BB-6ABD-4EC6-87FA-4A34AC0DD74B}
		{A450C9AB-C96F-472D-BF90-7270EDA3BCDB} = {80C341EE-802F-4284-8583-5FFBF14B8BCD}
	EndGlobalSection
	GlobalSection(ExtensibilityGlobals) = postSolution
		SolutionGuid = {9F4EA573-1714-4886-98B9-2C641A877886}
	EndGlobalSection
EndGlobal
